# THIS IS AN AUTOGENERATED FILE. DO NOT EDIT THIS FILE DIRECTLY.
# yarn lockfile v1


ansi-regex@^2.0.0:
  version "2.1.1"
  resolved "https://registry.yarnpkg.com/ansi-regex/-/ansi-regex-2.1.1.tgz#c3b33ab5ee360d86e0e628f0468ae7ef27d654df"

argparse@^1.0.7:
  version "1.0.10"
  resolved "https://registry.yarnpkg.com/argparse/-/argparse-1.0.10.tgz#bcd6791ea5ae09725e17e5ad988134cd40b3d911"
  dependencies:
    sprintf-js "~1.0.2"

assertion-error@^1.0.1:
  version "1.1.0"
  resolved "https://registry.yarnpkg.com/assertion-error/-/assertion-error-1.1.0.tgz#e60b6b0e8f301bd97e5375215bda406c85118c0b"

balanced-match@^1.0.0:
  version "1.0.0"
  resolved "https://registry.yarnpkg.com/balanced-match/-/balanced-match-1.0.0.tgz#89b4d199ab2bee49de164ea02b89ce462d71b767"

bignumber.js@4.1.0:
  version "4.1.0"
  resolved "https://registry.yarnpkg.com/bignumber.js/-/bignumber.js-4.1.0.tgz#db6f14067c140bd46624815a7916c92d9b6c24b1"

brace-expansion@^1.1.7:
  version "1.1.11"
  resolved "https://registry.yarnpkg.com/brace-expansion/-/brace-expansion-1.1.11.tgz#3c7fcbf529d87226f3d2f52b966ff5271eb441dd"
  dependencies:
    balanced-match "^1.0.0"
    concat-map "0.0.1"

camel-case@^1.1.1:
  version "1.2.2"
  resolved "https://registry.yarnpkg.com/camel-case/-/camel-case-1.2.2.tgz#1aca7c4d195359a2ce9955793433c6e5542511f2"
  dependencies:
    sentence-case "^1.1.1"
    upper-case "^1.1.1"

camelcase@^2.0.1:
  version "2.1.1"
  resolved "https://registry.yarnpkg.com/camelcase/-/camelcase-2.1.1.tgz#7c1d16d679a1bbe59ca02cacecfb011e201f5a1f"

chai-as-promised@^5.1.0:
  version "5.3.0"
  resolved "https://registry.yarnpkg.com/chai-as-promised/-/chai-as-promised-5.3.0.tgz#09d7a402908aa70dfdbead53e5853fc79d3ef21c"

chai@^3.4.1:
  version "3.5.0"
  resolved "https://registry.yarnpkg.com/chai/-/chai-3.5.0.tgz#4d02637b067fe958bdbfdd3a40ec56fef7373247"
  dependencies:
    assertion-error "^1.0.1"
    deep-eql "^0.1.3"
    type-detect "^1.0.0"

change-case@^2.3.1:
  version "2.3.1"
  resolved "https://registry.yarnpkg.com/change-case/-/change-case-2.3.1.tgz#2c4fde3f063bb41d00cd68e0d5a09db61cbe894f"
  dependencies:
    camel-case "^1.1.1"
    constant-case "^1.1.0"
    dot-case "^1.1.0"
    is-lower-case "^1.1.0"
    is-upper-case "^1.1.0"
    lower-case "^1.1.1"
    lower-case-first "^1.0.0"
    param-case "^1.1.0"
    pascal-case "^1.1.0"
    path-case "^1.1.0"
    sentence-case "^1.1.1"
    snake-case "^1.1.0"
    swap-case "^1.1.0"
    title-case "^1.1.0"
    upper-case "^1.1.1"
    upper-case-first "^1.1.0"

cliui@^3.0.3:
  version "3.2.0"
  resolved "https://registry.yarnpkg.com/cliui/-/cliui-3.2.0.tgz#120601537a916d29940f934da3b48d585a39213d"
  dependencies:
    string-width "^1.0.1"
    strip-ansi "^3.0.1"
    wrap-ansi "^2.0.0"

code-point-at@^1.0.0:
  version "1.1.0"
  resolved "https://registry.yarnpkg.com/code-point-at/-/code-point-at-1.1.0.tgz#0d070b4d043a5bea33a2f1a40e2edb3d9a4ccf77"

colors@^1.1.2:
  version "1.3.3"
  resolved "https://registry.yarnpkg.com/colors/-/colors-1.3.3.tgz#39e005d546afe01e01f9c4ca8fa50f686a01205d"

concat-map@0.0.1:
  version "0.0.1"
  resolved "https://registry.yarnpkg.com/concat-map/-/concat-map-0.0.1.tgz#d8a96bd77fd68df7793a73036a3ba0d5405d477b"

constant-case@^1.1.0:
  version "1.1.2"
  resolved "https://registry.yarnpkg.com/constant-case/-/constant-case-1.1.2.tgz#8ec2ca5ba343e00aa38dbf4e200fd5ac907efd63"
  dependencies:
    snake-case "^1.1.0"
    upper-case "^1.1.1"

core-util-is@~1.0.0:
  version "1.0.2"
  resolved "https://registry.yarnpkg.com/core-util-is/-/core-util-is-1.0.2.tgz#b5fd54220aa2bc5ab57aab7140c940754503c1a7"

decamelize@^1.1.1:
  version "1.2.0"
  resolved "https://registry.yarnpkg.com/decamelize/-/decamelize-1.2.0.tgz#f6534d15148269b20352e7bee26f501f9a191290"

deep-eql@^0.1.3:
  version "0.1.3"
  resolved "https://registry.yarnpkg.com/deep-eql/-/deep-eql-0.1.3.tgz#ef558acab8de25206cd713906d74e56930eb69f2"
  dependencies:
    type-detect "0.1.1"

dot-case@^1.1.0:
  version "1.1.2"
  resolved "https://registry.yarnpkg.com/dot-case/-/dot-case-1.1.2.tgz#1e73826900de28d6de5480bc1de31d0842b06bec"
  dependencies:
    sentence-case "^1.1.2"

es6-promise@^3.0.2:
  version "3.3.1"
  resolved "https://registry.yarnpkg.com/es6-promise/-/es6-promise-3.3.1.tgz#a08cdde84ccdbf34d027a1451bc91d4bcd28a613"

esprima@^4.0.0:
  version "4.0.1"
  resolved "https://registry.yarnpkg.com/esprima/-/esprima-4.0.1.tgz#13b04cdb3e6c5d19df91ab6987a8695619b0aa71"

glob@^6.0.1:
  version "6.0.4"
  resolved "https://registry.yarnpkg.com/glob/-/glob-6.0.4.tgz#0f08860f6a155127b2fadd4f9ce24b1aab6e4d22"
  dependencies:
    inflight "^1.0.4"
    inherits "2"
    minimatch "2 || 3"
    once "^1.3.0"
    path-is-absolute "^1.0.0"

inflight@^1.0.4:
  version "1.0.6"
  resolved "https://registry.yarnpkg.com/inflight/-/inflight-1.0.6.tgz#49bd6331d7d02d0c09bc910a1075ba8165b56df9"
  dependencies:
    once "^1.3.0"
    wrappy "1"

inherits@2, inherits@~2.0.3:
  version "2.0.3"
  resolved "https://registry.yarnpkg.com/inherits/-/inherits-2.0.3.tgz#633c2c83e3da42a502f52466022480f4208261de"

invert-kv@^1.0.0:
  version "1.0.0"
  resolved "https://registry.yarnpkg.com/invert-kv/-/invert-kv-1.0.0.tgz#104a8e4aaca6d3d8cd157a8ef8bfab2d7a3ffdb6"

is-fullwidth-code-point@^1.0.0:
  version "1.0.0"
  resolved "https://registry.yarnpkg.com/is-fullwidth-code-point/-/is-fullwidth-code-point-1.0.0.tgz#ef9e31386f031a7f0d643af82fde50c457ef00cb"
  dependencies:
    number-is-nan "^1.0.0"

is-lower-case@^1.1.0:
  version "1.1.3"
  resolved "https://registry.yarnpkg.com/is-lower-case/-/is-lower-case-1.1.3.tgz#7e147be4768dc466db3bfb21cc60b31e6ad69393"
  dependencies:
    lower-case "^1.1.0"

is-upper-case@^1.1.0:
  version "1.1.2"
  resolved "https://registry.yarnpkg.com/is-upper-case/-/is-upper-case-1.1.2.tgz#8d0b1fa7e7933a1e58483600ec7d9661cbaf756f"
  dependencies:
    upper-case "^1.1.0"

isarray@~1.0.0:
  version "1.0.0"
  resolved "https://registry.yarnpkg.com/isarray/-/isarray-1.0.0.tgz#bb935d48582cba168c06834957a54a3e07124f11"

js-yaml@^3.4.6:
  version "3.13.1"
  resolved "https://registry.yarnpkg.com/js-yaml/-/js-yaml-3.13.1.tgz#aff151b30bfdfa8e49e05da22e7415e9dfa37847"
  dependencies:
    argparse "^1.0.7"
    esprima "^4.0.0"

lcid@^1.0.0:
  version "1.0.0"
  resolved "https://registry.yarnpkg.com/lcid/-/lcid-1.0.0.tgz#308accafa0bc483a3867b4b6f2b9506251d1b835"
  dependencies:
    invert-kv "^1.0.0"

lower-case-first@^1.0.0:
  version "1.0.2"
  resolved "https://registry.yarnpkg.com/lower-case-first/-/lower-case-first-1.0.2.tgz#e5da7c26f29a7073be02d52bac9980e5922adfa1"
  dependencies:
    lower-case "^1.1.2"

lower-case@^1.1.0, lower-case@^1.1.1, lower-case@^1.1.2:
  version "1.1.4"
  resolved "https://registry.yarnpkg.com/lower-case/-/lower-case-1.1.4.tgz#9a2cabd1b9e8e0ae993a4bf7d5875c39c42e8eac"

"minimatch@2 || 3":
  version "3.0.4"
  resolved "https://registry.yarnpkg.com/minimatch/-/minimatch-3.0.4.tgz#5166e286457f03306064be5497e8dbb0c3d32083"
  dependencies:
    brace-expansion "^1.1.7"

minimist@0.0.8:
  version "0.0.8"
  resolved "https://registry.yarnpkg.com/minimist/-/minimist-0.0.8.tgz#857fcabfc3397d2625b8228262e86aa7a011b05d"

mkdirp@^0.5.1:
  version "0.5.1"
  resolved "https://registry.yarnpkg.com/mkdirp/-/mkdirp-0.5.1.tgz#30057438eac6cf7f8c4767f38648d6697d75c903"
  dependencies:
    minimist "0.0.8"

moment@^2.10.6:
  version "2.29.4"
  resolved "https://registry.yarnpkg.com/moment/-/moment-2.29.4.tgz#3dbe052889fe7c1b2ed966fcb3a77328964ef108"

mysql@^2.16.0:
  version "2.16.0"
  resolved "https://registry.yarnpkg.com/mysql/-/mysql-2.16.0.tgz#b23b22ab5de44fc2d5d32bd4f5af6653fc45e2ba"
  dependencies:
    bignumber.js "4.1.0"
    readable-stream "2.3.6"
    safe-buffer "5.1.2"
    sqlstring "2.3.1"

number-is-nan@^1.0.0:
  version "1.0.1"
  resolved "https://registry.yarnpkg.com/number-is-nan/-/number-is-nan-1.0.1.tgz#097b602b53422a522c1afb8790318336941a011d"

once@^1.3.0:
  version "1.4.0"
  resolved "https://registry.yarnpkg.com/once/-/once-1.4.0.tgz#583b1aa775961d4b113ac17d9c50baef9dd76bd1"
  dependencies:
    wrappy "1"

os-locale@^1.4.0:
  version "1.4.0"
  resolved "https://registry.yarnpkg.com/os-locale/-/os-locale-1.4.0.tgz#20f9f17ae29ed345e8bde583b13d2009803c14d9"
  dependencies:
    lcid "^1.0.0"

param-case@^1.1.0:
  version "1.1.2"
  resolved "https://registry.yarnpkg.com/param-case/-/param-case-1.1.2.tgz#dcb091a43c259b9228f1c341e7b6a44ea0bf9743"
  dependencies:
    sentence-case "^1.1.2"

pascal-case@^1.1.0:
  version "1.1.2"
  resolved "https://registry.yarnpkg.com/pascal-case/-/pascal-case-1.1.2.tgz#3e5d64a20043830a7c49344c2d74b41be0c9c99b"
  dependencies:
    camel-case "^1.1.1"
    upper-case-first "^1.1.0"

path-case@^1.1.0:
  version "1.1.2"
  resolved "https://registry.yarnpkg.com/path-case/-/path-case-1.1.2.tgz#50ce6ba0d3bed3dd0b5c2a9c4553697434409514"
  dependencies:
    sentence-case "^1.1.2"

path-is-absolute@^1.0.0:
  version "1.0.1"
  resolved "https://registry.yarnpkg.com/path-is-absolute/-/path-is-absolute-1.0.1.tgz#174b9268735534ffbc7ace6bf53a5a9e1b5c5f5f"

process-nextick-args@~2.0.0:
  version "2.0.0"
  resolved "https://registry.yarnpkg.com/process-nextick-args/-/process-nextick-args-2.0.0.tgz#a37d732f4271b4ab1ad070d35508e8290788ffaa"

readable-stream@2.3.6:
  version "2.3.6"
  resolved "https://registry.yarnpkg.com/readable-stream/-/readable-stream-2.3.6.tgz#b11c27d88b8ff1fbe070643cf94b0c79ae1b0aaf"
  dependencies:
    core-util-is "~1.0.0"
    inherits "~2.0.3"
    isarray "~1.0.0"
    process-nextick-args "~2.0.0"
    safe-buffer "~5.1.1"
    string_decoder "~1.1.1"
    util-deprecate "~1.0.1"

safe-buffer@5.1.2, safe-buffer@~5.1.0, safe-buffer@~5.1.1:
  version "5.1.2"
  resolved "https://registry.yarnpkg.com/safe-buffer/-/safe-buffer-5.1.2.tgz#991ec69d296e0313747d59bdfd2b745c35f8828d"

sentence-case@^1.1.1, sentence-case@^1.1.2:
  version "1.1.3"
  resolved "https://registry.yarnpkg.com/sentence-case/-/sentence-case-1.1.3.tgz#8034aafc2145772d3abe1509aa42c9e1042dc139"
  dependencies:
    lower-case "^1.1.1"

snake-case@^1.1.0:
  version "1.1.2"
  resolved "https://registry.yarnpkg.com/snake-case/-/snake-case-1.1.2.tgz#0c2f25e305158d9a18d3d977066187fef8a5a66a"
  dependencies:
    sentence-case "^1.1.2"

sprintf-js@~1.0.2:
  version "1.0.3"
  resolved "https://registry.yarnpkg.com/sprintf-js/-/sprintf-js-1.0.3.tgz#04e6926f662895354f3dd015203633b857297e2c"

sqlstring@2.3.1:
  version "2.3.1"
  resolved "https://registry.yarnpkg.com/sqlstring/-/sqlstring-2.3.1.tgz#475393ff9e91479aea62dcaf0ca3d14983a7fb40"

string-width@^1.0.1:
  version "1.0.2"
  resolved "https://registry.yarnpkg.com/string-width/-/string-width-1.0.2.tgz#118bdf5b8cdc51a2a7e70d211e07e2b0b9b107d3"
  dependencies:
    code-point-at "^1.0.0"
    is-fullwidth-code-point "^1.0.0"
    strip-ansi "^3.0.0"

string_decoder@~1.1.1:
  version "1.1.1"
  resolved "https://registry.yarnpkg.com/string_decoder/-/string_decoder-1.1.1.tgz#9cf1611ba62685d7030ae9e4ba34149c3af03fc8"
  dependencies:
    safe-buffer "~5.1.0"

strip-ansi@^3.0.0, strip-ansi@^3.0.1:
  version "3.0.1"
  resolved "https://registry.yarnpkg.com/strip-ansi/-/strip-ansi-3.0.1.tgz#6a385fb8853d952d5ff05d0e8aaf94278dc63dcf"
  dependencies:
    ansi-regex "^2.0.0"

swap-case@^1.1.0:
  version "1.1.2"
  resolved "https://registry.yarnpkg.com/swap-case/-/swap-case-1.1.2.tgz#c39203a4587385fad3c850a0bd1bcafa081974e3"
  dependencies:
    lower-case "^1.1.1"
    upper-case "^1.1.1"

title-case@^1.1.0:
  version "1.1.2"
  resolved "https://registry.yarnpkg.com/title-case/-/title-case-1.1.2.tgz#fae4a6ae546bfa22d083a0eea910a40d12ed4f5a"
  dependencies:
    sentence-case "^1.1.1"
    upper-case "^1.0.3"

type-detect@0.1.1:
  version "0.1.1"
  resolved "https://registry.yarnpkg.com/type-detect/-/type-detect-0.1.1.tgz#0ba5ec2a885640e470ea4e8505971900dac58822"

type-detect@^1.0.0:
  version "1.0.0"
  resolved "https://registry.yarnpkg.com/type-detect/-/type-detect-1.0.0.tgz#762217cc06db258ec48908a1298e8b95121e8ea2"

upper-case-first@^1.1.0:
  version "1.1.2"
  resolved "https://registry.yarnpkg.com/upper-case-first/-/upper-case-first-1.1.2.tgz#5d79bedcff14419518fd2edb0a0507c9b6859115"
  dependencies:
    upper-case "^1.1.1"

upper-case@^1.0.3, upper-case@^1.1.0, upper-case@^1.1.1:
  version "1.1.3"
  resolved "https://registry.yarnpkg.com/upper-case/-/upper-case-1.1.3.tgz#f6b4501c2ec4cdd26ba78be7222961de77621598"

util-deprecate@~1.0.1:
  version "1.0.2"
  resolved "https://registry.yarnpkg.com/util-deprecate/-/util-deprecate-1.0.2.tgz#450d4dc9fa70de732762fbd2d4a28981419a0ccf"

window-size@^0.1.4:
  version "0.1.4"
  resolved "https://registry.yarnpkg.com/window-size/-/window-size-0.1.4.tgz#f8e1aa1ee5a53ec5bf151ffa09742a6ad7697876"

wrap-ansi@^2.0.0:
  version "2.1.0"
  resolved "https://registry.yarnpkg.com/wrap-ansi/-/wrap-ansi-2.1.0.tgz#d8fc3d284dd05794fe84973caecdd1cf824fdd85"
  dependencies:
    string-width "^1.0.1"
    strip-ansi "^3.0.1"

wrappy@1:
  version "1.0.2"
  resolved "https://registry.yarnpkg.com/wrappy/-/wrappy-1.0.2.tgz#b5243d8f3ec1aa35f1364605bc0d1036e30ab69f"

y18n@^3.2.0:
  version "3.2.1"
  resolved "https://registry.yarnpkg.com/y18n/-/y18n-3.2.1.tgz#6d15fba884c08679c0d77e88e7759e811e07fa41"

yargs@^3.31.0:
  version "3.32.0"
  resolved "https://registry.yarnpkg.com/yargs/-/yargs-3.32.0.tgz#03088e9ebf9e756b69751611d2a5ef591482c995"
  dependencies:
    camelcase "^2.0.1"
    cliui "^3.0.3"
    decamelize "^1.1.1"
    os-locale "^1.4.0"
    string-width "^1.0.1"
    window-size "^0.1.4"
    y18n "^3.2.0"
